Microsoft Visual Studio Solution File, Format Version 12.00
# Visual Studio 14
VisualStudioVersion = 14.0.23107.0
MinimumVisualStudioVersion = 10.0.40219.1
Project("{2150E333-8FDC-42A3-9474-1A3956D46DE8}") = ".paket", ".paket", "{63297B98-5CED-492C-A5B7-A5B4F73CF142}"
	ProjectSection(SolutionItems) = preProject
		paket.dependencies = paket.dependencies
		paket.lock = paket.lock
	EndProjectSection
EndProject
Project("{F2A71F9B-5D33-465A-A702-920D77279786}") = "exercises-in-programming-style-fsharp", "src\exercises-in-programming-style-fsharp\exercises-in-programming-style-fsharp.fsproj", "{FA3B919C-C792-4AF2-A62A-3BD8A8D8D7A3}"
EndProject
Project("{2150E333-8FDC-42A3-9474-1A3956D46DE8}") = "project", "project", "{BF60BC93-E09B-4E5F-9D85-95A519479D54}"
	ProjectSection(SolutionItems) = preProject
		build.fsx = build.fsx
		README.md = README.md
		RELEASE_NOTES.md = RELEASE_NOTES.md
	EndProjectSection
EndProject
Global
	GlobalSection(SolutionConfigurationPlatforms) = preSolution
		Debug|Any CPU = Debug|Any CPU
		Release|Any CPU = Release|Any CPU
	EndGlobalSection
	GlobalSection(ProjectConfigurationPlatforms) = postSolution
		{FA3B919C-C792-4AF2-A62A-3BD8A8D8D7A3}.Debug|Any CPU.ActiveCfg = Debug|Any CPU
		{FA3B919C-C792-4AF2-A62A-3BD8A8D8D7A3}.Debug|Any CPU.Build.0 = Debug|Any CPU
		{FA3B919C-C792-4AF2-A62A-3BD8A8D8D7A3}.Release|Any CPU.ActiveCfg = Release|Any CPU
		{FA3B919C-C792-4AF2-A62A-3BD8A8D8D7A3}.Release|Any CPU.Build.0 = Release|Any CPU
	EndGlobalSection
	GlobalSection(SolutionProperties) = preSolution
		HideSolutionNode = FALSE
	EndGlobalSection
EndGlobal
